
Microsoft Visual Studio Solution File, Format Version 12.00
# Visual Studio Version 17
VisualStudioVersion = 17.1.32421.90
MinimumVisualStudioVersion = 10.0.40219.1
Project("{9A19103F-16F7-4668-BE54-9A1E7A4F7556}") = "BookListRazor", "BookListRazor\BookListRazor.csproj", "{A6EF8209-BF29-4296-925D-9E99F713A7AC}"
EndProject
Global
	GlobalSection(SolutionConfigurationPlatforms) = preSolution
		Debug|Any CPU = Debug|Any CPU
		Release|Any CPU = Release|Any CPU
	EndGlobalSection
	GlobalSection(ProjectConfigurationPlatforms) = postSolution
		{A6EF8209-BF29-4296-925D-9E99F713A7AC}.Debug|Any CPU.ActiveCfg = Debug|Any CPU
		{A6EF8209-BF29-4296-925D-9E99F713A7AC}.Debug|Any CPU.Build.0 = Debug|Any CPU
		{A6EF8209-BF29-4296-925D-9E99F713A7AC}.Release|Any CPU.ActiveCfg = Release|Any CPU
		{A6EF8209-BF29-4296-925D-9E99F713A7AC}.Release|Any CPU.Build.0 = Release|Any CPU
	EndGlobalSection
	GlobalSection(SolutionProperties) = preSolution
		HideSolutionNode = FALSE
	EndGlobalSection
	GlobalSection(ExtensibilityGlobals) = postSolution
		SolutionGuid = {6EA33EE5-6F97-4595-AEB3-EAF296EA4CB5}
	EndGlobalSection
EndGlobal
